
Microsoft Visual Studio Solution File, Format Version 12.00
# Visual Studio 15
VisualStudioVersion = 15.0.28010.2046
MinimumVisualStudioVersion = 10.0.40219.1
Project("{FAE04EC0-301F-11D3-BF4B-00C04F79EFBC}") = "VideoOnDemand.UI", "VideoOnDemand.UI\VideoOnDemand.UI.csproj", "{89BB2850-E580-4943-832B-C10D3C787F45}"
EndProject
Project("{FAE04EC0-301F-11D3-BF4B-00C04F79EFBC}") = "VideoOnDemand.Data", "VideoOnDemand.Data\VideoOnDemand.Data.csproj", "{3004DC0F-EB9D-4C0C-A72A-AFFA5FE27684}"
EndProject
Global
	GlobalSection(SolutionConfigurationPlatforms) = preSolution
		Debug|Any CPU = Debug|Any CPU
		Release|Any CPU = Release|Any CPU
	EndGlobalSection
	GlobalSection(ProjectConfigurationPlatforms) = postSolution
		{89BB2850-E580-4943-832B-C10D3C787F45}.Debug|Any CPU.ActiveCfg = Debug|Any CPU
		{89BB2850-E580-4943-832B-C10D3C787F45}.Debug|Any CPU.Build.0 = Debug|Any CPU
		{89BB2850-E580-4943-832B-C10D3C787F45}.Release|Any CPU.ActiveCfg = Release|Any CPU
		{89BB2850-E580-4943-832B-C10D3C787F45}.Release|Any CPU.Build.0 = Release|Any CPU
		{3004DC0F-EB9D-4C0C-A72A-AFFA5FE27684}.Debug|Any CPU.ActiveCfg = Debug|Any CPU
		{3004DC0F-EB9D-4C0C-A72A-AFFA5FE27684}.Debug|Any CPU.Build.0 = Debug|Any CPU
		{3004DC0F-EB9D-4C0C-A72A-AFFA5FE27684}.Release|Any CPU.ActiveCfg = Release|Any CPU
		{3004DC0F-EB9D-4C0C-A72A-AFFA5FE27684}.Release|Any CPU.Build.0 = Release|Any CPU
	EndGlobalSection
	GlobalSection(SolutionProperties) = preSolution
		HideSolutionNode = FALSE
	EndGlobalSection
	GlobalSection(ExtensibilityGlobals) = postSolution
		SolutionGuid = {6F070B38-BFC0-4BD9-9F88-E1685DB18201}
	EndGlobalSection
EndGlobal
